<?xml version="1.0" encoding="utf-8"?>
<Project ToolsVersion="4.0" xmlns="http://schemas.microsoft.com/developer/msbuild/2003">
  <ItemGroup>
    <Filter Include="Source Files">
      <UniqueIdentifier>{4FC737F1-C7A5-4376-A066-2A32D752A2FF}</UniqueIdentifier>
      <Extensions>cpp;c;cc;cxx;def;odl;idl;hpj;bat;asm;asmx</Extensions>
    </Filter>
    <Filter Include="Header Files">
      <UniqueIdentifier>{93995380-89BD-4b04-88EB-625FBE52EBFB}</UniqueIdentifier>
      <Extensions>h;hpp;hxx;hm;inl;inc;xsd</Extensions>
    </Filter>
    <Filter Include="Resource Files">
      <UniqueIdentifier>{67DA6AB6-F800-4c08-8B7A-83BB121AAD01}</UniqueIdentifier>
      <Extensions>rc;ico;cur;bmp;dlg;rc2;rct;bin;rgs;gif;jpg;jpeg;jpe;resx;tiff;tif;png;wav;mfcribbon-ms</Extensions>
    </Filter>
    <Filter Include="Source Files\Textures">
      <UniqueIdentifier>{9bd007b5-d096-4c9f-8e7e-4be383a71bb7}</UniqueIdentifier>
    </Filter>
    <Filter Include="Header Files\Textures">
      <UniqueIdentifier>{7028e07b-7656-40d4-9b90-8ff0158455eb}</UniqueIdentifier>
    </Filter>
    <Filter Include="Source Files\Geometry">
      <UniqueIdentifier>{94467a54-cc85-4942-87aa-92ede89cd8ee}</UniqueIdentifier>
    </Filter>
    <Filter Include="Header Files\Geometry">
      <UniqueIdentifier>{ffd4d7f1-c39c-4309-a52f-f49f3cd1e61f}</UniqueIdentifier>
    </Filter>
    <Filter Include="Header Files\Maths">
      <UniqueIdentifier>{871648bf-25ec-4084-8126-7599c478deab}</UniqueIdentifier>
    </Filter>
    <Filter Include="Source Files\Maths">
      <UniqueIdentifier>{1bbe9741-2b4e-4d4b-bd55-f35e0d9e95d8}</UniqueIdentifier>
    </Filter>
  </ItemGroup>
  <ItemGroup>
    <ClCompile Include="WFormGL.cpp">
      <Filter>Source Files</Filter>
    </ClCompile>
    <ClCompile Include="WinCliOpenGL.cpp">
      <Filter>Source Files</Filter>
    </ClCompile>
    <ClCompile Include="src\Scene.cpp">
      <Filter>Source Files</Filter>
    </ClCompile>
    <ClCompile Include="src\Ball.cpp">
      <Filter>Source Files</Filter>
    </ClCompile>
    <ClCompile Include="src\textures\Pixmap.cpp">
      <Filter>Source Files\Textures</Filter>
    </ClCompile>
    <ClCompile Include="src\textures\PixmapRGB.cpp">
      <Filter>Source Files\Textures</Filter>
    </ClCompile>
    <ClCompile Include="src\textures\PixmapY.cpp">
      <Filter>Source Files\Textures</Filter>
    </ClCompile>
    <ClCompile Include="src\textures\TextureLoader.cpp">
      <Filter>Source Files\Textures</Filter>
    </ClCompile>
    <ClCompile Include="src\geometry\Circle.cpp">
      <Filter>Source Files\Geometry</Filter>
    </ClCompile>
    <ClCompile Include="src\geometry\ConvexPolygon.cpp">
      <Filter>Source Files\Geometry</Filter>
    </ClCompile>
    <ClCompile Include="src\geometry\RegPol.cpp">
      <Filter>Source Files\Geometry</Filter>
    </ClCompile>
    <ClCompile Include="src\geometry\Triangle.cpp">
      <Filter>Source Files\Geometry</Filter>
    </ClCompile>
    <ClCompile Include="src\geometry\Elipse.cpp">
      <Filter>Source Files\Geometry</Filter>
    </ClCompile>
    <ClCompile Include="src\geometry\PV2D.cpp">
      <Filter>Source Files\Geometry</Filter>
    </ClCompile>
    <ClCompile Include="src\geometry\RGBColor.cpp">
      <Filter>Source Files\Geometry</Filter>
    </ClCompile>
    <ClCompile Include="src\geometry\Turtle.cpp">
      <Filter>Source Files\Geometry</Filter>
    </ClCompile>
    <ClCompile Include="matrix.cpp">
      <Filter>Source Files\Maths</Filter>
    </ClCompile>
    <ClCompile Include="src\geometry\Square.cpp">
      <Filter>Source Files\Geometry</Filter>
    </ClCompile>
    <ClCompile Include="src\geometry\Tree.cpp">
      <Filter>Source Files\Geometry</Filter>
    </ClCompile>
    <ClCompile Include="src\textures\TextureSaver.cpp">
      <Filter>Source Files\Textures</Filter>
    </ClCompile>
  </ItemGroup>
  <ItemGroup>
    <ClInclude Include="WFormGL.h">
      <Filter>Header Files</Filter>
    </ClInclude>
    <ClInclude Include="WNOpenGL.h">
      <Filter>Header Files</Filter>
    </ClInclude>
    <ClInclude Include="src\OpenGL.h">
      <Filter>Header Files</Filter>
    </ClInclude>
    <ClInclude Include="src\Scene.h">
      <Filter>Header Files</Filter>
    </ClInclude>
    <ClInclude Include="src\Ball.h">
      <Filter>Header Files</Filter>
    </ClInclude>
    <ClInclude Include="src\textures\Pixmap.h">
      <Filter>Header Files\Textures</Filter>
    </ClInclude>
    <ClInclude Include="src\textures\PixmapRGB.h">
      <Filter>Header Files\Textures</Filter>
    </ClInclude>
    <ClInclude Include="src\textures\PixmapY.h">
      <Filter>Header Files\Textures</Filter>
    </ClInclude>
    <ClInclude Include="src\textures\TextureLoader.h">
      <Filter>Header Files\Textures</Filter>
    </ClInclude>
    <ClInclude Include="src\geometry\Circle.h">
      <Filter>Header Files\Geometry</Filter>
    </ClInclude>
    <ClInclude Include="src\geometry\ConvexPolygon.h">
      <Filter>Header Files\Geometry</Filter>
    </ClInclude>
    <ClInclude Include="src\geometry\Elipse.h">
      <Filter>Header Files\Geometry</Filter>
    </ClInclude>
    <ClInclude Include="src\geometry\Triangle.h">
      <Filter>Header Files\Geometry</Filter>
    </ClInclude>
    <ClInclude Include="src\geometry\RegPol.h">
      <Filter>Header Files\Geometry</Filter>
    </ClInclude>
    <ClInclude Include="src\geometry\Turtle.h">
      <Filter>Header Files\Geometry</Filter>
    </ClInclude>
    <ClInclude Include="src\geometry\RGBColor.h">
      <Filter>Header Files\Geometry</Filter>
    </ClInclude>
    <ClInclude Include="src\geometry\PV2D.h">
      <Filter>Header Files\Geometry</Filter>
    </ClInclude>
    <ClInclude Include="src\geometry\Obstacle.h">
      <Filter>Header Files\Geometry</Filter>
    </ClInclude>
    <ClInclude Include="matrix.h">
      <Filter>Header Files\Maths</Filter>
    </ClInclude>
    <ClInclude Include="src\geometry\Square.h">
      <Filter>Header Files\Geometry</Filter>
    </ClInclude>
    <ClInclude Include="src\geometry\Tree.h">
      <Filter>Header Files\Geometry</Filter>
    </ClInclude>
    <ClInclude Include="src\textures\TextureSaver.h">
      <Filter>Header Files\Textures</Filter>
    </ClInclude>
  </ItemGroup>
  <ItemGroup>
    <EmbeddedResource Include="WFormGL.resx">
      <Filter>Resource Files</Filter>
    </EmbeddedResource>
  </ItemGroup>
</Project>